
Microsoft Visual Studio Solution File, Format Version 12.00
# Visual Studio Version 17
VisualStudioVersion = 17.5.002.0
MinimumVisualStudioVersion = 10.0.40219.1
Project("{2150E333-8FDC-42A3-9474-1A3956D46DE8}") = "tdd---test-driven-development-rodhoda-main", "tdd---test-driven-development-rodhoda-main", "{E5B98AB4-948E-4792-8264-8F0E9D159CD1}"
EndProject
Project("{9A19103F-16F7-4668-BE54-9A1E7A4F7556}") = "sample", "tdd---test-driven-development-rodhoda-main\sample\sample.csproj", "{9A7D2414-979C-4C88-AAA4-203B36C62929}"
EndProject
Project("{9A19103F-16F7-4668-BE54-9A1E7A4F7556}") = "sample-tests", "tdd---test-driven-development-rodhoda-main\sample-tests\sample-tests.csproj", "{84794A00-7C2C-4B03-91E4-BADA9A364575}"
EndProject
Global
	GlobalSection(SolutionConfigurationPlatforms) = preSolution
		Debug|Any CPU = Debug|Any CPU
		Release|Any CPU = Release|Any CPU
	EndGlobalSection
	GlobalSection(ProjectConfigurationPlatforms) = postSolution
		{9A7D2414-979C-4C88-AAA4-203B36C62929}.Debug|Any CPU.ActiveCfg = Debug|Any CPU
		{9A7D2414-979C-4C88-AAA4-203B36C62929}.Debug|Any CPU.Build.0 = Debug|Any CPU
		{9A7D2414-979C-4C88-AAA4-203B36C62929}.Release|Any CPU.ActiveCfg = Release|Any CPU
		{9A7D2414-979C-4C88-AAA4-203B36C62929}.Release|Any CPU.Build.0 = Release|Any CPU
		{84794A00-7C2C-4B03-91E4-BADA9A364575}.Debug|Any CPU.ActiveCfg = Debug|Any CPU
		{84794A00-7C2C-4B03-91E4-BADA9A364575}.Debug|Any CPU.Build.0 = Debug|Any CPU
		{84794A00-7C2C-4B03-91E4-BADA9A364575}.Release|Any CPU.ActiveCfg = Release|Any CPU
		{84794A00-7C2C-4B03-91E4-BADA9A364575}.Release|Any CPU.Build.0 = Release|Any CPU
	EndGlobalSection
	GlobalSection(SolutionProperties) = preSolution
		HideSolutionNode = FALSE
	EndGlobalSection
	GlobalSection(NestedProjects) = preSolution
		{9A7D2414-979C-4C88-AAA4-203B36C62929} = {E5B98AB4-948E-4792-8264-8F0E9D159CD1}
		{84794A00-7C2C-4B03-91E4-BADA9A364575} = {E5B98AB4-948E-4792-8264-8F0E9D159CD1}
	EndGlobalSection
	GlobalSection(ExtensibilityGlobals) = postSolution
		SolutionGuid = {1294A93E-706A-4AD4-9D68-A50237E195B3}
	EndGlobalSection
EndGlobal
